
Microsoft Visual Studio Solution File, Format Version 12.00
Project("{FAE04EC0-301F-11D3-BF4B-00C04F79EFBC}") = "BK", "BK\BK.csproj", "{F10465DA-2B03-4C8D-82DD-99C0749AD8BF}"
EndProject
Project("{FAE04EC0-301F-11D3-BF4B-00C04F79EFBC}") = "BK.BLL", "BK.BLL\BK.BLL.csproj", "{4B6A708C-B264-4448-A81F-01BE8B818649}"
EndProject
Project("{FAE04EC0-301F-11D3-BF4B-00C04F79EFBC}") = "BK.DAL", "BK.DAL\BK.DAL.csproj", "{A1F8B0B6-554C-44D0-A3BB-E9A3F6BB0DDC}"
EndProject
Global
	GlobalSection(SolutionConfigurationPlatforms) = preSolution
		Debug|Any CPU = Debug|Any CPU
		Release|Any CPU = Release|Any CPU
	EndGlobalSection
	GlobalSection(ProjectConfigurationPlatforms) = postSolution
		{F10465DA-2B03-4C8D-82DD-99C0749AD8BF}.Debug|Any CPU.ActiveCfg = Debug|Any CPU
		{F10465DA-2B03-4C8D-82DD-99C0749AD8BF}.Debug|Any CPU.Build.0 = Debug|Any CPU
		{F10465DA-2B03-4C8D-82DD-99C0749AD8BF}.Release|Any CPU.ActiveCfg = Release|Any CPU
		{F10465DA-2B03-4C8D-82DD-99C0749AD8BF}.Release|Any CPU.Build.0 = Release|Any CPU
		{4B6A708C-B264-4448-A81F-01BE8B818649}.Debug|Any CPU.ActiveCfg = Debug|Any CPU
		{4B6A708C-B264-4448-A81F-01BE8B818649}.Debug|Any CPU.Build.0 = Debug|Any CPU
		{4B6A708C-B264-4448-A81F-01BE8B818649}.Release|Any CPU.ActiveCfg = Release|Any CPU
		{4B6A708C-B264-4448-A81F-01BE8B818649}.Release|Any CPU.Build.0 = Release|Any CPU
		{A1F8B0B6-554C-44D0-A3BB-E9A3F6BB0DDC}.Debug|Any CPU.ActiveCfg = Debug|Any CPU
		{A1F8B0B6-554C-44D0-A3BB-E9A3F6BB0DDC}.Debug|Any CPU.Build.0 = Debug|Any CPU
		{A1F8B0B6-554C-44D0-A3BB-E9A3F6BB0DDC}.Release|Any CPU.ActiveCfg = Release|Any CPU
		{A1F8B0B6-554C-44D0-A3BB-E9A3F6BB0DDC}.Release|Any CPU.Build.0 = Release|Any CPU
	EndGlobalSection
EndGlobal
